PODS:
  - Capacitor (7.4.4):
    - CapacitorCordova
  - CapacitorApp (7.1.0):
    - Capacitor
  - CapacitorBrowser (7.0.2):
    - Capacitor
  - CapacitorClipboard (7.0.2):
    - Capacitor
  - CapacitorCordova (7.4.4)
  - CapacitorKeyboard (7.0.3):
    - Capacitor
  - CapacitorLocalNotifications (7.0.3):
    - Capacitor
  - CapacitorNativeSettings (7.0.2):
    - Capacitor
  - CapacitorNetwork (7.0.2):
    - Capacitor
  - CapacitorPluginSafeArea (4.0.3):
    - Capacitor
  - CapacitorPreferences (7.0.2):
    - Capacitor
  - CapacitorPushNotifications (7.0.3):
    - Capacitor
  - CapacitorStatusBar (7.0.3):
    - Capacitor
  - CapacitorToast (7.0.2):
    - Capacitor
  - CapawesomeCapacitorAppUpdate (7.2.0):
    - Capacitor

DEPENDENCIES:
  - "Capacitor (from `../../node_modules/@capacitor/ios`)"
  - "CapacitorApp (from `../../node_modules/@capacitor/app`)"
  - "CapacitorBrowser (from `../../node_modules/@capacitor/browser`)"
  - "CapacitorClipboard (from `../../node_modules/@capacitor/clipboard`)"
  - "CapacitorCordova (from `../../node_modules/@capacitor/ios`)"
  - "CapacitorKeyboard (from `../../node_modules/@capacitor/keyboard`)"
  - "CapacitorLocalNotifications (from `../../node_modules/@capacitor/local-notifications`)"
  - CapacitorNativeSettings (from `../../node_modules/capacitor-native-settings`)
  - "CapacitorNetwork (from `../../node_modules/@capacitor/network`)"
  - CapacitorPluginSafeArea (from `../../node_modules/capacitor-plugin-safe-area`)
  - "CapacitorPreferences (from `../../node_modules/@capacitor/preferences`)"
  - "CapacitorPushNotifications (from `../../node_modules/@capacitor/push-notifications`)"
  - "CapacitorStatusBar (from `../../node_modules/@capacitor/status-bar`)"
  - "CapacitorToast (from `../../node_modules/@capacitor/toast`)"
  - "CapawesomeCapacitorAppUpdate (from `../../node_modules/@capawesome/capacitor-app-update`)"

EXTERNAL SOURCES:
  Capacitor:
    :path: "../../node_modules/@capacitor/ios"
  CapacitorApp:
    :path: "../../node_modules/@capacitor/app"
  CapacitorBrowser:
    :path: "../../node_modules/@capacitor/browser"
  CapacitorClipboard:
    :path: "../../node_modules/@capacitor/clipboard"
  CapacitorCordova:
    :path: "../../node_modules/@capacitor/ios"
  CapacitorKeyboard:
    :path: "../../node_modules/@capacitor/keyboard"
  CapacitorLocalNotifications:
    :path: "../../node_modules/@capacitor/local-notifications"
  CapacitorNativeSettings:
    :path: "../../node_modules/capacitor-native-settings"
  CapacitorNetwork:
    :path: "../../node_modules/@capacitor/network"
  CapacitorPluginSafeArea:
    :path: "../../node_modules/capacitor-plugin-safe-area"
  CapacitorPreferences:
    :path: "../../node_modules/@capacitor/preferences"
  CapacitorPushNotifications:
    :path: "../../node_modules/@capacitor/push-notifications"
  CapacitorStatusBar:
    :path: "../../node_modules/@capacitor/status-bar"
  CapacitorToast:
    :path: "../../node_modules/@capacitor/toast"
  CapawesomeCapacitorAppUpdate:
    :path: "../../node_modules/@capawesome/capacitor-app-update"

SPEC CHECKSUMS:
  Capacitor: 358dd1c3fdd71d969547b17e159fd8a7736cb45f
  CapacitorApp: 26587c2ce485d88ddb39adb21cac64f8e481afe3
  CapacitorBrowser: 22541e48442de44dc629c214388290d6eecc6ae9
  CapacitorClipboard: 7e227702976d4435a5a40df54f65e154d0dfc1f3
  CapacitorCordova: bf648a636f3c153f652d312ae145fb508b6ffced
  CapacitorKeyboard: 62f36104f26d53d8b3a2a43f2a69fe714f1777d5
  CapacitorLocalNotifications: 0811aef56ab2e5f7f9ae72f47d3473ab50c29038
  CapacitorNativeSettings: 3cd2e2ef431fe471674f381609cfb29154ddfcfa
  CapacitorNetwork: 695069886b3c5ed514db69aa3d026b8dc3c03a6b
  CapacitorPluginSafeArea: 1abd81c6facac9eae0c6ae3cb0b3b53ccc135522
  CapacitorPreferences: 65107ed7437d96ee72583df5763985e3c0ff2bc2
  CapacitorPushNotifications: bdd621fbd562be34a41f4a7b1750efa000447d5a
  CapacitorStatusBar: 0659ddc7b1713764a05831463d215b177a15d054
  CapacitorToast: 166611aea815418fc08894b77a915773e3d059d5
  CapawesomeCapacitorAppUpdate: 9fb16b07faaa1c86468c794e39bfedb822a1a446

PODFILE CHECKSUM: 3759eb384deac6bea17a19440fdfa530eb7883db

COCOAPODS: 1.16.2
