PODS:
  - Capacitor (8.5.0):
    - CapacitorCordova
  - CapacitorApp (8.1.1):
    - Capacitor
  - CapacitorBarcodeScanner (3.1.1):
    - Capacitor
    - OSBarcodeLib (= 2.2.0)
  - CapacitorBrowser (8.0.4):
    - Capacitor
  - CapacitorClipboard (8.0.1):
    - Capacitor
  - CapacitorCordova (8.5.0)
  - CapacitorKeyboard (8.0.5):
    - Capacitor
  - CapacitorLocalNotifications (8.3.1):
    - Capacitor
  - CapacitorNativeSettings (8.2.0):
    - Capacitor
  - CapacitorNetwork (8.0.1):
    - Capacitor
  - CapacitorPluginSafeArea (5.0.1):
    - Capacitor
  - CapacitorPreferences (8.0.1):
    - Capacitor
  - CapacitorPushNotifications (8.1.2):
    - Capacitor
  - CapacitorShare (8.0.1):
    - Capacitor
  - CapacitorStatusBar (8.0.3):
    - Capacitor
  - CapacitorToast (8.0.1):
    - Capacitor
  - CapawesomeCapacitorAppUpdate (8.0.4):
    - Capacitor
  - CapawesomeCapacitorScreenshot (8.0.1):
    - Capacitor
  - mailcore2-ios (0.6.4)
  - OSBarcodeLib (2.2.0)

DEPENDENCIES:
  - "Capacitor (from `../../node_modules/@capacitor/ios`)"
  - "CapacitorApp (from `../../node_modules/@capacitor/app`)"
  - "CapacitorBarcodeScanner (from `../../node_modules/@capacitor/barcode-scanner`)"
  - "CapacitorBrowser (from `../../node_modules/@capacitor/browser`)"
  - "CapacitorClipboard (from `../../node_modules/@capacitor/clipboard`)"
  - "CapacitorCordova (from `../../node_modules/@capacitor/ios`)"
  - "CapacitorKeyboard (from `../../node_modules/@capacitor/keyboard`)"
  - "CapacitorLocalNotifications (from `../../node_modules/@capacitor/local-notifications`)"
  - CapacitorNativeSettings (from `../../node_modules/capacitor-native-settings`)
  - "CapacitorNetwork (from `../../node_modules/@capacitor/network`)"
  - CapacitorPluginSafeArea (from `../../node_modules/capacitor-plugin-safe-area`)
  - "CapacitorPreferences (from `../../node_modules/@capacitor/preferences`)"
  - "CapacitorPushNotifications (from `../../node_modules/@capacitor/push-notifications`)"
  - "CapacitorShare (from `../../node_modules/@capacitor/share`)"
  - "CapacitorStatusBar (from `../../node_modules/@capacitor/status-bar`)"
  - "CapacitorToast (from `../../node_modules/@capacitor/toast`)"
  - "CapawesomeCapacitorAppUpdate (from `../../node_modules/@capawesome/capacitor-app-update`)"
  - "CapawesomeCapacitorScreenshot (from `../../node_modules/@capawesome/capacitor-screenshot`)"
  - mailcore2-ios

SPEC REPOS:
  trunk:
    - mailcore2-ios
    - OSBarcodeLib

EXTERNAL SOURCES:
  Capacitor:
    :path: "../../node_modules/@capacitor/ios"
  CapacitorApp:
    :path: "../../node_modules/@capacitor/app"
  CapacitorBarcodeScanner:
    :path: "../../node_modules/@capacitor/barcode-scanner"
  CapacitorBrowser:
    :path: "../../node_modules/@capacitor/browser"
  CapacitorClipboard:
    :path: "../../node_modules/@capacitor/clipboard"
  CapacitorCordova:
    :path: "../../node_modules/@capacitor/ios"
  CapacitorKeyboard:
    :path: "../../node_modules/@capacitor/keyboard"
  CapacitorLocalNotifications:
    :path: "../../node_modules/@capacitor/local-notifications"
  CapacitorNativeSettings:
    :path: "../../node_modules/capacitor-native-settings"
  CapacitorNetwork:
    :path: "../../node_modules/@capacitor/network"
  CapacitorPluginSafeArea:
    :path: "../../node_modules/capacitor-plugin-safe-area"
  CapacitorPreferences:
    :path: "../../node_modules/@capacitor/preferences"
  CapacitorPushNotifications:
    :path: "../../node_modules/@capacitor/push-notifications"
  CapacitorShare:
    :path: "../../node_modules/@capacitor/share"
  CapacitorStatusBar:
    :path: "../../node_modules/@capacitor/status-bar"
  CapacitorToast:
    :path: "../../node_modules/@capacitor/toast"
  CapawesomeCapacitorAppUpdate:
    :path: "../../node_modules/@capawesome/capacitor-app-update"
  CapawesomeCapacitorScreenshot:
    :path: "../../node_modules/@capawesome/capacitor-screenshot"

SPEC CHECKSUMS:
  Capacitor: 00b87168591cc006ea6f5c0de681ec5c39a2c8eb
  CapacitorApp: 305bd13c44f6f9d164e2ee66a4faa956ed8c0e06
  CapacitorBarcodeScanner: 735028a8496e205c61e89634918b6b42f429e2bb
  CapacitorBrowser: 752e0208aa07c7aa63d1f7cde895a3e9519b2656
  CapacitorClipboard: c75fdaa6e622111119f35e7914ecfc67b05efecb
  CapacitorCordova: 9d3acbb574048e7167d2af127a0af2123e619f2f
  CapacitorKeyboard: b6b0744890cdb1d9a96e2cafcc9253fdcc55de3b
  CapacitorLocalNotifications: e0747a329ddde3074d52dc74a003688af90e42be
  CapacitorNativeSettings: 3f12e9700e0a10cb5d0e22aec00de29d72589a12
  CapacitorNetwork: 8812ce60d11fb63d8f2e4ba51a49b2e59892ebe2
  CapacitorPluginSafeArea: 874619c00586248f1694210e72038123d422c2d9
  CapacitorPreferences: cca2021f386efb75947c850334447d9ff22b14f1
  CapacitorPushNotifications: 32a7f840815f319fd9ba1c1c9b0b914be9d95237
  CapacitorShare: 0c58305114538568059bfc07111f22dcb9cb2a82
  CapacitorStatusBar: eca7bc2b58d9f886f1ef9edb66e57a9b29c121af
  CapacitorToast: 408036fbd702120d3adde3980b740f3c0fb60c9e
  CapawesomeCapacitorAppUpdate: 48d12562b70d4490e820faac23cbf497ca025c98
  CapawesomeCapacitorScreenshot: 12d23f0773903de4e5b0b3fdebabef1d3813f826
  mailcore2-ios: 3ff0be2fa553d4da9c11d39c11d51863c768f24f
  OSBarcodeLib: aa520d51576362d0dfea290b82653e31df1a6fc4

PODFILE CHECKSUM: 527a30a8b720cbb41c84b3cc2566059328cf7b3c

COCOAPODS: 1.16.2
